
Microsoft Visual Studio Solution File, Format Version 12.00
# Visual Studio Version 17
VisualStudioVersion = 17.11.35312.102
MinimumVisualStudioVersion = 10.0.40219.1
Project("{2150E333-8FDC-42A3-9474-1A3956D46DE8}") = "Services", "Services", "{16FD77D9-86DD-4931-A9AD-71F4F0D7ECB4}"
EndProject
Project("{2150E333-8FDC-42A3-9474-1A3956D46DE8}") = "Catalog", "Catalog", "{BF453310-239D-4A66-9ADC-170C414B47E0}"
EndProject
Project("{9A19103F-16F7-4668-BE54-9A1E7A4F7556}") = "MultiShop.Catalog", "Services\Catalog\MultiShop.Catalog\MultiShop.Catalog.csproj", "{9EA47FB0-C730-48EF-AF3A-D34C9710BEBE}"
EndProject
Project("{2150E333-8FDC-42A3-9474-1A3956D46DE8}") = "Discount", "Discount", "{250B4ECD-68F4-4104-9D85-51716D546898}"
EndProject
Project("{FAE04EC0-301F-11D3-BF4B-00C04F79EFBC}") = "MultiShop.Discount", "Services\Discount\MultiShop.Discount\MultiShop.Discount.csproj", "{1C47A71F-6629-4E82-8083-57CA36D07447}"
EndProject
Project("{2150E333-8FDC-42A3-9474-1A3956D46DE8}") = "Order", "Order", "{BCDA14B2-7B2F-4AB2-81A1-2C6C7EC5AA5D}"
EndProject
Project("{2150E333-8FDC-42A3-9474-1A3956D46DE8}") = "Core", "Core", "{CDAD0470-7947-4178-AE59-4629137BD6C0}"
EndProject
Project("{2150E333-8FDC-42A3-9474-1A3956D46DE8}") = "Infrastructure", "Infrastructure", "{FBD9FBD5-2397-4D70-8B53-AB349C2A3A9E}"
EndProject
Project("{2150E333-8FDC-42A3-9474-1A3956D46DE8}") = "Presentation", "Presentation", "{040CCCCA-E60B-42AE-8775-71CF334F1644}"
EndProject
Project("{FAE04EC0-301F-11D3-BF4B-00C04F79EFBC}") = "MultiShop.Order.Domain", "Services\Order\Core\MultiShop.Order.Domain\MultiShop.Order.Domain.csproj", "{0561BAC8-AAB3-4736-8D71-F93941FA81BB}"
EndProject
Project("{FAE04EC0-301F-11D3-BF4B-00C04F79EFBC}") = "MultiShop.Order.Application", "Services\Order\Core\MultiShop.Order.Application\MultiShop.Order.Application.csproj", "{B4405E1D-CEF9-4085-BA4D-D73236D90673}"
EndProject
Project("{FAE04EC0-301F-11D3-BF4B-00C04F79EFBC}") = "MultiShop.Order.Persistence", "Services\Order\Infrastructure\MultiShop.Order.Persistence\MultiShop.Order.Persistence.csproj", "{3EBDEC3E-FC6E-4252-87DD-7C43D17CB5E8}"
EndProject
Project("{FAE04EC0-301F-11D3-BF4B-00C04F79EFBC}") = "MultiShop.Order.WebApi", "Services\Order\Presentation\MultiShop.Order.WebApi\MultiShop.Order.WebApi.csproj", "{D3063149-D9D3-4A17-B3BB-5A532DBCB9A9}"
EndProject
Project("{2150E333-8FDC-42A3-9474-1A3956D46DE8}") = "IdentityServer", "IdentityServer", "{DB67CD38-4ACD-4C73-ADDE-B335D915D03C}"
EndProject
Project("{FAE04EC0-301F-11D3-BF4B-00C04F79EFBC}") = "MultiShop.IdentityServer", "IdentityServer\MultiShop.IdentityServer\MultiShop.IdentityServer.csproj", "{C101DE2F-22EA-431D-B06F-9CAB77716D29}"
EndProject
Global
	GlobalSection(SolutionConfigurationPlatforms) = preSolution
		Debug|Any CPU = Debug|Any CPU
		Release|Any CPU = Release|Any CPU
	EndGlobalSection
	GlobalSection(ProjectConfigurationPlatforms) = postSolution
		{9EA47FB0-C730-48EF-AF3A-D34C9710BEBE}.Debug|Any CPU.ActiveCfg = Debug|Any CPU
		{9EA47FB0-C730-48EF-AF3A-D34C9710BEBE}.Debug|Any CPU.Build.0 = Debug|Any CPU
		{9EA47FB0-C730-48EF-AF3A-D34C9710BEBE}.Release|Any CPU.ActiveCfg = Release|Any CPU
		{9EA47FB0-C730-48EF-AF3A-D34C9710BEBE}.Release|Any CPU.Build.0 = Release|Any CPU
		{1C47A71F-6629-4E82-8083-57CA36D07447}.Debug|Any CPU.ActiveCfg = Debug|Any CPU
		{1C47A71F-6629-4E82-8083-57CA36D07447}.Debug|Any CPU.Build.0 = Debug|Any CPU
		{1C47A71F-6629-4E82-8083-57CA36D07447}.Release|Any CPU.ActiveCfg = Release|Any CPU
		{1C47A71F-6629-4E82-8083-57CA36D07447}.Release|Any CPU.Build.0 = Release|Any CPU
		{0561BAC8-AAB3-4736-8D71-F93941FA81BB}.Debug|Any CPU.ActiveCfg = Debug|Any CPU
		{0561BAC8-AAB3-4736-8D71-F93941FA81BB}.Debug|Any CPU.Build.0 = Debug|Any CPU
		{0561BAC8-AAB3-4736-8D71-F93941FA81BB}.Release|Any CPU.ActiveCfg = Release|Any CPU
		{0561BAC8-AAB3-4736-8D71-F93941FA81BB}.Release|Any CPU.Build.0 = Release|Any CPU
		{B4405E1D-CEF9-4085-BA4D-D73236D90673}.Debug|Any CPU.ActiveCfg = Debug|Any CPU
		{B4405E1D-CEF9-4085-BA4D-D73236D90673}.Debug|Any CPU.Build.0 = Debug|Any CPU
		{B4405E1D-CEF9-4085-BA4D-D73236D90673}.Release|Any CPU.ActiveCfg = Release|Any CPU
		{B4405E1D-CEF9-4085-BA4D-D73236D90673}.Release|Any CPU.Build.0 = Release|Any CPU
		{3EBDEC3E-FC6E-4252-87DD-7C43D17CB5E8}.Debug|Any CPU.ActiveCfg = Debug|Any CPU
		{3EBDEC3E-FC6E-4252-87DD-7C43D17CB5E8}.Debug|Any CPU.Build.0 = Debug|Any CPU
		{3EBDEC3E-FC6E-4252-87DD-7C43D17CB5E8}.Release|Any CPU.ActiveCfg = Release|Any CPU
		{3EBDEC3E-FC6E-4252-87DD-7C43D17CB5E8}.Release|Any CPU.Build.0 = Release|Any CPU
		{D3063149-D9D3-4A17-B3BB-5A532DBCB9A9}.Debug|Any CPU.ActiveCfg = Debug|Any CPU
		{D3063149-D9D3-4A17-B3BB-5A532DBCB9A9}.Debug|Any CPU.Build.0 = Debug|Any CPU
		{D3063149-D9D3-4A17-B3BB-5A532DBCB9A9}.Release|Any CPU.ActiveCfg = Release|Any CPU
		{D3063149-D9D3-4A17-B3BB-5A532DBCB9A9}.Release|Any CPU.Build.0 = Release|Any CPU
		{C101DE2F-22EA-431D-B06F-9CAB77716D29}.Debug|Any CPU.ActiveCfg = Debug|Any CPU
		{C101DE2F-22EA-431D-B06F-9CAB77716D29}.Debug|Any CPU.Build.0 = Debug|Any CPU
		{C101DE2F-22EA-431D-B06F-9CAB77716D29}.Release|Any CPU.ActiveCfg = Release|Any CPU
		{C101DE2F-22EA-431D-B06F-9CAB77716D29}.Release|Any CPU.Build.0 = Release|Any CPU
	EndGlobalSection
	GlobalSection(SolutionProperties) = preSolution
		HideSolutionNode = FALSE
	EndGlobalSection
	GlobalSection(NestedProjects) = preSolution
		{BF453310-239D-4A66-9ADC-170C414B47E0} = {16FD77D9-86DD-4931-A9AD-71F4F0D7ECB4}
		{9EA47FB0-C730-48EF-AF3A-D34C9710BEBE} = {BF453310-239D-4A66-9ADC-170C414B47E0}
		{250B4ECD-68F4-4104-9D85-51716D546898} = {16FD77D9-86DD-4931-A9AD-71F4F0D7ECB4}
		{1C47A71F-6629-4E82-8083-57CA36D07447} = {250B4ECD-68F4-4104-9D85-51716D546898}
		{BCDA14B2-7B2F-4AB2-81A1-2C6C7EC5AA5D} = {16FD77D9-86DD-4931-A9AD-71F4F0D7ECB4}
		{CDAD0470-7947-4178-AE59-4629137BD6C0} = {BCDA14B2-7B2F-4AB2-81A1-2C6C7EC5AA5D}
		{FBD9FBD5-2397-4D70-8B53-AB349C2A3A9E} = {BCDA14B2-7B2F-4AB2-81A1-2C6C7EC5AA5D}
		{040CCCCA-E60B-42AE-8775-71CF334F1644} = {BCDA14B2-7B2F-4AB2-81A1-2C6C7EC5AA5D}
		{0561BAC8-AAB3-4736-8D71-F93941FA81BB} = {CDAD0470-7947-4178-AE59-4629137BD6C0}
		{B4405E1D-CEF9-4085-BA4D-D73236D90673} = {CDAD0470-7947-4178-AE59-4629137BD6C0}
		{3EBDEC3E-FC6E-4252-87DD-7C43D17CB5E8} = {FBD9FBD5-2397-4D70-8B53-AB349C2A3A9E}
		{D3063149-D9D3-4A17-B3BB-5A532DBCB9A9} = {040CCCCA-E60B-42AE-8775-71CF334F1644}
		{C101DE2F-22EA-431D-B06F-9CAB77716D29} = {DB67CD38-4ACD-4C73-ADDE-B335D915D03C}
	EndGlobalSection
	GlobalSection(ExtensibilityGlobals) = postSolution
		SolutionGuid = {1830D00F-147B-4596-AD5B-5E3BFEDEC76A}
	EndGlobalSection
EndGlobal
